
Microsoft Visual Studio Solution File, Format Version 12.00
# Visual Studio Version 17
VisualStudioVersion = 17.6.33829.357
MinimumVisualStudioVersion = 10.0.40219.1
Project("{FAE04EC0-301F-11D3-BF4B-00C04F79EFBC}") = "Tests", "Tests\Tests.csproj", "{C7D9B02A-B55A-4F26-99C8-E0EA277F41AE}"
EndProject
Project("{2150E333-8FDC-42A3-9474-1A3956D46DE8}") = "Products", "Products", "{966F3330-186C-41DF-8E7D-CE8F62AEFC9F}"
EndProject
Project("{FAE04EC0-301F-11D3-BF4B-00C04F79EFBC}") = "Products", "Products\Products.csproj", "{9175861E-1ADD-46A7-98CD-43235726C8D8}"
EndProject
Global
	GlobalSection(SolutionConfigurationPlatforms) = preSolution
		Debug|Any CPU = Debug|Any CPU
		Release|Any CPU = Release|Any CPU
	EndGlobalSection
	GlobalSection(ProjectConfigurationPlatforms) = postSolution
		{C7D9B02A-B55A-4F26-99C8-E0EA277F41AE}.Debug|Any CPU.ActiveCfg = Debug|Any CPU
		{C7D9B02A-B55A-4F26-99C8-E0EA277F41AE}.Debug|Any CPU.Build.0 = Debug|Any CPU
		{C7D9B02A-B55A-4F26-99C8-E0EA277F41AE}.Release|Any CPU.ActiveCfg = Release|Any CPU
		{C7D9B02A-B55A-4F26-99C8-E0EA277F41AE}.Release|Any CPU.Build.0 = Release|Any CPU
		{9175861E-1ADD-46A7-98CD-43235726C8D8}.Debug|Any CPU.ActiveCfg = Debug|Any CPU
		{9175861E-1ADD-46A7-98CD-43235726C8D8}.Debug|Any CPU.Build.0 = Debug|Any CPU
		{9175861E-1ADD-46A7-98CD-43235726C8D8}.Release|Any CPU.ActiveCfg = Release|Any CPU
		{9175861E-1ADD-46A7-98CD-43235726C8D8}.Release|Any CPU.Build.0 = Release|Any CPU
	EndGlobalSection
	GlobalSection(SolutionProperties) = preSolution
		HideSolutionNode = FALSE
	EndGlobalSection
	GlobalSection(NestedProjects) = preSolution
		{9175861E-1ADD-46A7-98CD-43235726C8D8} = {966F3330-186C-41DF-8E7D-CE8F62AEFC9F}
	EndGlobalSection
	GlobalSection(ExtensibilityGlobals) = postSolution
		SolutionGuid = {A30D4378-8940-4BF6-B784-037E57D23DCC}
	EndGlobalSection
EndGlobal
